// !$*UTF8*$!
{
	archiveVersion = 1;
	classes = {
	};
	objectVersion = 46;
	objects = {

/* Begin PBXBuildFile section */
		AF0723EA1850E69C0060E0F7 /* CauThu.m in Sources */ = {isa = PBXBuildFile; fileRef = AF0723E91850E69C0060E0F7 /* CauThu.m */; };
		E22DD8AC184E10DE006A413D /* Foundation.framework in Frameworks */ = {isa = PBXBuildFile; fileRef = E22DD8AB184E10DE006A413D /* Foundation.framework */; };
		E22DD8AE184E10DE006A413D /* CoreGraphics.framework in Frameworks */ = {isa = PBXBuildFile; fileRef = E22DD8AD184E10DE006A413D /* CoreGraphics.framework */; };
		E22DD8B0184E10DE006A413D /* UIKit.framework in Frameworks */ = {isa = PBXBuildFile; fileRef = E22DD8AF184E10DE006A413D /* UIKit.framework */; };
		E22DD8B6184E10DE006A413D /* InfoPlist.strings in Resources */ = {isa = PBXBuildFile; fileRef = E22DD8B4184E10DE006A413D /* InfoPlist.strings */; };
		E22DD8B8184E10DE006A413D /* main.m in Sources */ = {isa = PBXBuildFile; fileRef = E22DD8B7184E10DE006A413D /* main.m */; };
		E22DD8BC184E10DE006A413D /* AppDelegate.m in Sources */ = {isa = PBXBuildFile; fileRef = E22DD8BB184E10DE006A413D /* AppDelegate.m */; };
		E22DD8BF184E10DE006A413D /* Main.storyboard in Resources */ = {isa = PBXBuildFile; fileRef = E22DD8BD184E10DE006A413D /* Main.storyboard */; };
		E22DD8C2184E10DE006A413D /* ViewController.m in Sources */ = {isa = PBXBuildFile; fileRef = E22DD8C1184E10DE006A413D /* ViewController.m */; };
		E22DD8C4184E10DE006A413D /* Images.xcassets in Resources */ = {isa = PBXBuildFile; fileRef = E22DD8C3184E10DE006A413D /* Images.xcassets */; };
		E22DD8CB184E10DE006A413D /* XCTest.framework in Frameworks */ = {isa = PBXBuildFile; fileRef = E22DD8CA184E10DE006A413D /* XCTest.framework */; };
		E22DD8CC184E10DE006A413D /* Foundation.framework in Frameworks */ = {isa = PBXBuildFile; fileRef = E22DD8AB184E10DE006A413D /* Foundation.framework */; };
		E22DD8CD184E10DE006A413D /* UIKit.framework in Frameworks */ = {isa = PBXBuildFile; fileRef = E22DD8AF184E10DE006A413D /* UIKit.framework */; };
		E22DD8D5184E10DE006A413D /* InfoPlist.strings in Resources */ = {isa = PBXBuildFile; fileRef = E22DD8D3184E10DE006A413D /* InfoPlist.strings */; };
		E22DD8D7184E10DF006A413D /* DemoCollectionTests.m in Sources */ = {isa = PBXBuildFile; fileRef = E22DD8D6184E10DF006A413D /* DemoCollectionTests.m */; };
		E22DD8E2184E11FA006A413D /* Fun.m in Sources */ = {isa = PBXBuildFile; fileRef = E22DD8E1184E11FA006A413D /* Fun.m */; };
/* End PBXBuildFile section */

/* Begin PBXContainerItemProxy section */
		E22DD8CE184E10DE006A413D /* PBXContainerItemProxy */ = {
			isa = PBXContainerItemProxy;
			containerPortal = E22DD8A0184E10DE006A413D /* Project object */;
			proxyType = 1;
			remoteGlobalIDString = E22DD8A7184E10DE006A413D;
			remoteInfo = DemoCollection;
		};
/* End PBXContainerItemProxy section */

/* Begin PBXFileReference section */
		AF0723E81850E69C0060E0F7 /* CauThu.h */ = {isa = PBXFileReference; fileEncoding = 4; lastKnownFileType = sourcecode.c.h; path = CauThu.h; sourceTree = "<group>"; };
		AF0723E91850E69C0060E0F7 /* CauThu.m */ = {isa = PBXFileReference; fileEncoding = 4; lastKnownFileType = sourcecode.c.objc; path = CauThu.m; sourceTree = "<group>"; };
		E22DD8A8184E10DE006A413D /* DemoCollection.app */ = {isa = PBXFileReference; explicitFileType = wrapper.application; includeInIndex = 0; path = DemoCollection.app; sourceTree = BUILT_PRODUCTS_DIR; };
		E22DD8AB184E10DE006A413D /* Foundation.framework */ = {isa = PBXFileReference; lastKnownFileType = wrapper.framework; name = Foundation.framework; path = System/Library/Frameworks/Foundation.framework; sourceTree = SDKROOT; };
		E22DD8AD184E10DE006A413D /* CoreGraphics.framework */ = {isa = PBXFileReference; lastKnownFileType = wrapper.framework; name = CoreGraphics.framework; path = System/Library/Frameworks/CoreGraphics.framework; sourceTree = SDKROOT; };
		E22DD8AF184E10DE006A413D /* UIKit.framework */ = {isa = PBXFileReference; lastKnownFileType = wrapper.framework; name = UIKit.framework; path = System/Library/Frameworks/UIKit.framework; sourceTree = SDKROOT; };
		E22DD8B3184E10DE006A413D /* DemoCollection-Info.plist */ = {isa = PBXFileReference; lastKnownFileType = text.plist.xml; path = "DemoCollection-Info.plist"; sourceTree = "<group>"; };
		E22DD8B5184E10DE006A413D /* en */ = {isa = PBXFileReference; lastKnownFileType = text.plist.strings; name = en; path = en.lproj/InfoPlist.strings; sourceTree = "<group>"; };
		E22DD8B7184E10DE006A413D /* main.m */ = {isa = PBXFileReference; lastKnownFileType = sourcecode.c.objc; path = main.m; sourceTree = "<group>"; };
		E22DD8B9184E10DE006A413D /* DemoCollection-Prefix.pch */ = {isa = PBXFileReference; lastKnownFileType = sourcecode.c.h; path = "DemoCollection-Prefix.pch"; sourceTree = "<group>"; };
		E22DD8BA184E10DE006A413D /* AppDelegate.h */ = {isa = PBXFileReference; lastKnownFileType = sourcecode.c.h; path = AppDelegate.h; sourceTree = "<group>"; };
		E22DD8BB184E10DE006A413D /* AppDelegate.m */ = {isa = PBXFileReference; lastKnownFileType = sourcecode.c.objc; path = AppDelegate.m; sourceTree = "<group>"; };
		E22DD8BE184E10DE006A413D /* Base */ = {isa = PBXFileReference; lastKnownFileType = file.storyboard; name = Base; path = Base.lproj/Main.storyboard; sourceTree = "<group>"; };
		E22DD8C0184E10DE006A413D /* ViewController.h */ = {isa = PBXFileReference; lastKnownFileType = sourcecode.c.h; path = ViewController.h; sourceTree = "<group>"; };
		E22DD8C1184E10DE006A413D /* ViewController.m */ = {isa = PBXFileReference; lastKnownFileType = sourcecode.c.objc; path = ViewController.m; sourceTree = "<group>"; };
		E22DD8C3184E10DE006A413D /* Images.xcassets */ = {isa = PBXFileReference; lastKnownFileType = folder.assetcatalog; path = Images.xcassets; sourceTree = "<group>"; };
		E22DD8C9184E10DE006A413D /* DemoCollectionTests.xctest */ = {isa = PBXFileReference; explicitFileType = wrapper.cfbundle; includeInIndex = 0; path = DemoCollectionTests.xctest; sourceTree = BUILT_PRODUCTS_DIR; };
		E22DD8CA184E10DE006A413D /* XCTest.framework */ = {isa = PBXFileReference; lastKnownFileType = wrapper.framework; name = XCTest.framework; path = Library/Frameworks/XCTest.framework; sourceTree = DEVELOPER_DIR; };
		E22DD8D2184E10DE006A413D /* DemoCollectionTests-Info.plist */ = {isa = PBXFileReference; lastKnownFileType = text.plist.xml; path = "DemoCollectionTests-Info.plist"; sourceTree = "<group>"; };
		E22DD8D4184E10DE006A413D /* en */ = {isa = PBXFileReference; lastKnownFileType = text.plist.strings; name = en; path = en.lproj/InfoPlist.strings; sourceTree = "<group>"; };
		E22DD8D6184E10DF006A413D /* DemoCollectionTests.m */ = {isa = PBXFileReference; lastKnownFileType = sourcecode.c.objc; path = DemoCollectionTests.m; sourceTree = "<group>"; };
		E22DD8E0184E11FA006A413D /* Fun.h */ = {isa = PBXFileReference; fileEncoding = 4; lastKnownFileType = sourcecode.c.h; path = Fun.h; sourceTree = "<group>"; };
		E22DD8E1184E11FA006A413D /* Fun.m */ = {isa = PBXFileReference; fileEncoding = 4; lastKnownFileType = sourcecode.c.objc; path = Fun.m; sourceTree = "<group>"; };
/* End PBXFileReference section */

/* Begin PBXFrameworksBuildPhase section */
		E22DD8A5184E10DE006A413D /* Frameworks */ = {
			isa = PBXFrameworksBuildPhase;
			buildActionMask = 2147483647;
			files = (
				E22DD8AE184E10DE006A413D /* CoreGraphics.framework in Frameworks */,
				E22DD8B0184E10DE006A413D /* UIKit.framework in Frameworks */,
				E22DD8AC184E10DE006A413D /* Foundation.framework in Frameworks */,
			);
			runOnlyForDeploymentPostprocessing = 0;
		};
		E22DD8C6184E10DE006A413D /* Frameworks */ = {
			isa = PBXFrameworksBuildPhase;
			buildActionMask = 2147483647;
			files = (
				E22DD8CB184E10DE006A413D /* XCTest.framework in Frameworks */,
				E22DD8CD184E10DE006A413D /* UIKit.framework in Frameworks */,
				E22DD8CC184E10DE006A413D /* Foundation.framework in Frameworks */,
			);
			runOnlyForDeploymentPostprocessing = 0;
		};
/* End PBXFrameworksBuildPhase section */

/* Begin PBXGroup section */
		E22DD89F184E10DE006A413D = {
			isa = PBXGroup;
			children = (
				E22DD8B1184E10DE006A413D /* DemoCollection */,
				E22DD8D0184E10DE006A413D /* DemoCollectionTests */,
				E22DD8AA184E10DE006A413D /* Frameworks */,
				E22DD8A9184E10DE006A413D /* Products */,
			);
			sourceTree = "<group>";
		};
		E22DD8A9184E10DE006A413D /* Products */ = {
			isa = PBXGroup;
			children = (
				E22DD8A8184E10DE006A413D /* DemoCollection.app */,
				E22DD8C9184E10DE006A413D /* DemoCollectionTests.xctest */,
			);
			name = Products;
			sourceTree = "<group>";
		};
		E22DD8AA184E10DE006A413D /* Frameworks */ = {
			isa = PBXGroup;
			children = (
				E22DD8AB184E10DE006A413D /* Foundation.framework */,
				E22DD8AD184E10DE006A413D /* CoreGraphics.framework */,
				E22DD8AF184E10DE006A413D /* UIKit.framework */,
				E22DD8CA184E10DE006A413D /* XCTest.framework */,
			);
			name = Frameworks;
			sourceTree = "<group>";
		};
		E22DD8B1184E10DE006A413D /* DemoCollection */ = {
			isa = PBXGroup;
			children = (
				E22DD8BA184E10DE006A413D /* AppDelegate.h */,
				E22DD8BB184E10DE006A413D /* AppDelegate.m */,
				E22DD8BD184E10DE006A413D /* Main.storyboard */,
				E22DD8C0184E10DE006A413D /* ViewController.h */,
				E22DD8C1184E10DE006A413D /* ViewController.m */,
				E22DD8C3184E10DE006A413D /* Images.xcassets */,
				AF0723E81850E69C0060E0F7 /* CauThu.h */,
				AF0723E91850E69C0060E0F7 /* CauThu.m */,
				E22DD8B2184E10DE006A413D /* Supporting Files */,
				E22DD8E0184E11FA006A413D /* Fun.h */,
				E22DD8E1184E11FA006A413D /* Fun.m */,
			);
			path = DemoCollection;
			sourceTree = "<group>";
		};
		E22DD8B2184E10DE006A413D /* Supporting Files */ = {
			isa = PBXGroup;
			children = (
				E22DD8B3184E10DE006A413D /* DemoCollection-Info.plist */,
				E22DD8B4184E10DE006A413D /* InfoPlist.strings */,
				E22DD8B7184E10DE006A413D /* main.m */,
				E22DD8B9184E10DE006A413D /* DemoCollection-Prefix.pch */,
			);
			name = "Supporting Files";
			sourceTree = "<group>";
		};
		E22DD8D0184E10DE006A413D /* DemoCollectionTests */ = {
			isa = PBXGroup;
			children = (
				E22DD8D6184E10DF006A413D /* DemoCollectionTests.m */,
				E22DD8D1184E10DE006A413D /* Supporting Files */,
			);
			path = DemoCollectionTests;
			sourceTree = "<group>";
		};
		E22DD8D1184E10DE006A413D /* Supporting Files */ = {
			isa = PBXGroup;
			children = (
				E22DD8D2184E10DE006A413D /* DemoCollectionTests-Info.plist */,
				E22DD8D3184E10DE006A413D /* InfoPlist.strings */,
			);
			name = "Supporting Files";
			sourceTree = "<group>";
		};
/* End PBXGroup section */

/* Begin PBXNativeTarget section */
		E22DD8A7184E10DE006A413D /* DemoCollection */ = {
			isa = PBXNativeTarget;
			buildConfigurationList = E22DD8DA184E10DF006A413D /* Build configuration list for PBXNativeTarget "DemoCollection" */;
			buildPhases = (
				E22DD8A4184E10DE006A413D /* Sources */,
				E22DD8A5184E10DE006A413D /* Frameworks */,
				E22DD8A6184E10DE006A413D /* Resources */,
			);
			buildRules = (
			);
			dependencies = (
			);
			name = DemoCollection;
			productName = DemoCollection;
			productReference = E22DD8A8184E10DE006A413D /* DemoCollection.app */;
			productType = "com.apple.product-type.application";
		};
		E22DD8C8184E10DE006A413D /* DemoCollectionTests */ = {
			isa = PBXNativeTarget;
			buildConfigurationList = E22DD8DD184E10DF006A413D /* Build configuration list for PBXNativeTarget "DemoCollectionTests" */;
			buildPhases = (
				E22DD8C5184E10DE006A413D /* Sources */,
				E22DD8C6184E10DE006A413D /* Frameworks */,
				E22DD8C7184E10DE006A413D /* Resources */,
			);
			buildRules = (
			);
			dependencies = (
				E22DD8CF184E10DE006A413D /* PBXTargetDependency */,
			);
			name = DemoCollectionTests;
			productName = DemoCollectionTests;
			productReference = E22DD8C9184E10DE006A413D /* DemoCollectionTests.xctest */;
			productType = "com.apple.product-type.bundle.unit-test";
		};
/* End PBXNativeTarget section */

/* Begin PBXProject section */
		E22DD8A0184E10DE006A413D /* Project object */ = {
			isa = PBXProject;
			attributes = {
				LastUpgradeCheck = 0500;
				ORGANIZATIONNAME = TechMaster;
				TargetAttributes = {
					E22DD8C8184E10DE006A413D = {
						TestTargetID = E22DD8A7184E10DE006A413D;
					};
				};
			};
			buildConfigurationList = E22DD8A3184E10DE006A413D /* Build configuration list for PBXProject "DemoCollection" */;
			compatibilityVersion = "Xcode 3.2";
			developmentRegion = English;
			hasScannedForEncodings = 0;
			knownRegions = (
				en,
				Base,
			);
			mainGroup = E22DD89F184E10DE006A413D;
			productRefGroup = E22DD8A9184E10DE006A413D /* Products */;
			projectDirPath = "";
			projectRoot = "";
			targets = (
				E22DD8A7184E10DE006A413D /* DemoCollection */,
				E22DD8C8184E10DE006A413D /* DemoCollectionTests */,
			);
		};
/* End PBXProject section */

/* Begin PBXResourcesBuildPhase section */
		E22DD8A6184E10DE006A413D /* Resources */ = {
			isa = PBXResourcesBuildPhase;
			buildActionMask = 2147483647;
			files = (
				E22DD8C4184E10DE006A413D /* Images.xcassets in Resources */,
				E22DD8B6184E10DE006A413D /* InfoPlist.strings in Resources */,
				E22DD8BF184E10DE006A413D /* Main.storyboard in Resources */,
			);
			runOnlyForDeploymentPostprocessing = 0;
		};
		E22DD8C7184E10DE006A413D /* Resources */ = {
			isa = PBXResourcesBuildPhase;
			buildActionMask = 2147483647;
			files = (
				E22DD8D5184E10DE006A413D /* InfoPlist.strings in Resources */,
			);
			runOnlyForDeploymentPostprocessing = 0;
		};
/* End PBXResourcesBuildPhase section */

/* Begin PBXSourcesBuildPhase section */
		E22DD8A4184E10DE006A413D /* Sources */ = {
			isa = PBXSourcesBuildPhase;
			buildActionMask = 2147483647;
			files = (
				E22DD8C2184E10DE006A413D /* ViewController.m in Sources */,
				AF0723EA1850E69C0060E0F7 /* CauThu.m in Sources */,
				E22DD8E2184E11FA006A413D /* Fun.m in Sources */,
				E22DD8BC184E10DE006A413D /* AppDelegate.m in Sources */,
				E22DD8B8184E10DE006A413D /* main.m in Sources */,
			);
			runOnlyForDeploymentPostprocessing = 0;
		};
		E22DD8C5184E10DE006A413D /* Sources */ = {
			isa = PBXSourcesBuildPhase;
			buildActionMask = 2147483647;
			files = (
				E22DD8D7184E10DF006A413D /* DemoCollectionTests.m in Sources */,
			);
			runOnlyForDeploymentPostprocessing = 0;
		};
/* End PBXSourcesBuildPhase section */

/* Begin PBXTargetDependency section */
		E22DD8CF184E10DE006A413D /* PBXTargetDependency */ = {
			isa = PBXTargetDependency;
			target = E22DD8A7184E10DE006A413D /* DemoCollection */;
			targetProxy = E22DD8CE184E10DE006A413D /* PBXContainerItemProxy */;
		};
/* End PBXTargetDependency section */

/* Begin PBXVariantGroup section */
		E22DD8B4184E10DE006A413D /* InfoPlist.strings */ = {
			isa = PBXVariantGroup;
			children = (
				E22DD8B5184E10DE006A413D /* en */,
			);
			name = InfoPlist.strings;
			sourceTree = "<group>";
		};
		E22DD8BD184E10DE006A413D /* Main.storyboard */ = {
			isa = PBXVariantGroup;
			children = (
				E22DD8BE184E10DE006A413D /* Base */,
			);
			name = Main.storyboard;
			sourceTree = "<group>";
		};
		E22DD8D3184E10DE006A413D /* InfoPlist.strings */ = {
			isa = PBXVariantGroup;
			children = (
				E22DD8D4184E10DE006A413D /* en */,
			);
			name = InfoPlist.strings;
			sourceTree = "<group>";
		};
/* End PBXVariantGroup section */

/* Begin XCBuildConfiguration section */
		E22DD8D8184E10DF006A413D /* Debug */ = {
			isa = XCBuildConfiguration;
			buildSettings = {
				ALWAYS_SEARCH_USER_PATHS = NO;
				ARCHS = "$(ARCHS_STANDARD_INCLUDING_64_BIT)";
				CLANG_CXX_LANGUAGE_STANDARD = "gnu++0x";
				CLANG_CXX_LIBRARY = "libc++";
				CLANG_ENABLE_MODULES = YES;
				CLANG_ENABLE_OBJC_ARC = YES;
				CLANG_WARN_BOOL_CONVERSION = YES;
				CLANG_WARN_CONSTANT_CONVERSION = YES;
				CLANG_WARN_DIRECT_OBJC_ISA_USAGE = YES_ERROR;
				CLANG_WARN_EMPTY_BODY = YES;
				CLANG_WARN_ENUM_CONVERSION = YES;
				CLANG_WARN_INT_CONVERSION = YES;
				CLANG_WARN_OBJC_ROOT_CLASS = YES_ERROR;
				CLANG_WARN__DUPLICATE_METHOD_MATCH = YES;
				"CODE_SIGN_IDENTITY[sdk=iphoneos*]" = "iPhone Developer";
				COPY_PHASE_STRIP = NO;
				GCC_C_LANGUAGE_STANDARD = gnu99;
				GCC_DYNAMIC_NO_PIC = NO;
				GCC_OPTIMIZATION_LEVEL = 0;
				GCC_PREPROCESSOR_DEFINITIONS = (
					"DEBUG=1",
					"$(inherited)",
				);
				GCC_SYMBOLS_PRIVATE_EXTERN = NO;
				GCC_WARN_64_TO_32_BIT_CONVERSION = YES;
				GCC_WARN_ABOUT_RETURN_TYPE = YES_ERROR;
				GCC_WARN_UNDECLARED_SELECTOR = YES;
				GCC_WARN_UNINITIALIZED_AUTOS = YES;
				GCC_WARN_UNUSED_FUNCTION = YES;
				GCC_WARN_UNUSED_VARIABLE = YES;
				IPHONEOS_DEPLOYMENT_TARGET = 7.0;
				ONLY_ACTIVE_ARCH = YES;
				SDKROOT = iphoneos;
			};
			name = Debug;
		};
		E22DD8D9184E10DF006A413D /* Release */ = {
			isa = XCBuildConfiguration;
			buildSettings = {
				ALWAYS_SEARCH_USER_PATHS = NO;
				ARCHS = "$(ARCHS_STANDARD_INCLUDING_64_BIT)";
				CLANG_CXX_LANGUAGE_STANDARD = "gnu++0x";
				CLANG_CXX_LIBRARY = "libc++";
				CLANG_ENABLE_MODULES = YES;
				CLANG_ENABLE_OBJC_ARC = YES;
				CLANG_WARN_BOOL_CONVERSION = YES;
				CLANG_WARN_CONSTANT_CONVERSION = YES;
				CLANG_WARN_DIRECT_OBJC_ISA_USAGE = YES_ERROR;
				CLANG_WARN_EMPTY_BODY = YES;
				CLANG_WARN_ENUM_CONVERSION = YES;
				CLANG_WARN_INT_CONVERSION = YES;
				CLANG_WARN_OBJC_ROOT_CLASS = YES_ERROR;
				CLANG_WARN__DUPLICATE_METHOD_MATCH = YES;
				"CODE_SIGN_IDENTITY[sdk=iphoneos*]" = "iPhone Developer";
				COPY_PHASE_STRIP = YES;
				ENABLE_NS_ASSERTIONS = NO;
				GCC_C_LANGUAGE_STANDARD = gnu99;
				GCC_WARN_64_TO_32_BIT_CONVERSION = YES;
				GCC_WARN_ABOUT_RETURN_TYPE = YES_ERROR;
				GCC_WARN_UNDECLARED_SELECTOR = YES;
				GCC_WARN_UNINITIALIZED_AUTOS = YES;
				GCC_WARN_UNUSED_FUNCTION = YES;
				GCC_WARN_UNUSED_VARIABLE = YES;
				IPHONEOS_DEPLOYMENT_TARGET = 7.0;
				SDKROOT = iphoneos;
				VALIDATE_PRODUCT = YES;
			};
			name = Release;
		};
		E22DD8DB184E10DF006A413D /* Debug */ = {
			isa = XCBuildConfiguration;
			buildSettings = {
				ASSETCATALOG_COMPILER_APPICON_NAME = AppIcon;
				ASSETCATALOG_COMPILER_LAUNCHIMAGE_NAME = LaunchImage;
				GCC_PRECOMPILE_PREFIX_HEADER = YES;
				GCC_PREFIX_HEADER = "DemoCollection/DemoCollection-Prefix.pch";
				INFOPLIST_FILE = "DemoCollection/DemoCollection-Info.plist";
				PRODUCT_NAME = "$(TARGET_NAME)";
				WRAPPER_EXTENSION = app;
			};
			name = Debug;
		};
		E22DD8DC184E10DF006A413D /* Release */ = {
			isa = XCBuildConfiguration;
			buildSettings = {
				ASSETCATALOG_COMPILER_APPICON_NAME = AppIcon;
				ASSETCATALOG_COMPILER_LAUNCHIMAGE_NAME = LaunchImage;
				GCC_PRECOMPILE_PREFIX_HEADER = YES;
				GCC_PREFIX_HEADER = "DemoCollection/DemoCollection-Prefix.pch";
				INFOPLIST_FILE = "DemoCollection/DemoCollection-Info.plist";
				PRODUCT_NAME = "$(TARGET_NAME)";
				WRAPPER_EXTENSION = app;
			};
			name = Release;
		};
		E22DD8DE184E10DF006A413D /* Debug */ = {
			isa = XCBuildConfiguration;
			buildSettings = {
				ARCHS = "$(ARCHS_STANDARD_INCLUDING_64_BIT)";
				BUNDLE_LOADER = "$(BUILT_PRODUCTS_DIR)/DemoCollection.app/DemoCollection";
				FRAMEWORK_SEARCH_PATHS = (
					"$(SDKROOT)/Developer/Library/Frameworks",
					"$(inherited)",
					"$(DEVELOPER_FRAMEWORKS_DIR)",
				);
				GCC_PRECOMPILE_PREFIX_HEADER = YES;
				GCC_PREFIX_HEADER = "DemoCollection/DemoCollection-Prefix.pch";
				GCC_PREPROCESSOR_DEFINITIONS = (
					"DEBUG=1",
					"$(inherited)",
				);
				INFOPLIST_FILE = "DemoCollectionTests/DemoCollectionTests-Info.plist";
				PRODUCT_NAME = "$(TARGET_NAME)";
				TEST_HOST = "$(BUNDLE_LOADER)";
				WRAPPER_EXTENSION = xctest;
			};
			name = Debug;
		};
		E22DD8DF184E10DF006A413D /* Release */ = {
			isa = XCBuildConfiguration;
			buildSettings = {
				ARCHS = "$(ARCHS_STANDARD_INCLUDING_64_BIT)";
				BUNDLE_LOADER = "$(BUILT_PRODUCTS_DIR)/DemoCollection.app/DemoCollection";
				FRAMEWORK_SEARCH_PATHS = (
					"$(SDKROOT)/Developer/Library/Frameworks",
					"$(inherited)",
					"$(DEVELOPER_FRAMEWORKS_DIR)",
				);
				GCC_PRECOMPILE_PREFIX_HEADER = YES;
				GCC_PREFIX_HEADER = "DemoCollection/DemoCollection-Prefix.pch";
				INFOPLIST_FILE = "DemoCollectionTests/DemoCollectionTests-Info.plist";
				PRODUCT_NAME = "$(TARGET_NAME)";
				TEST_HOST = "$(BUNDLE_LOADER)";
				WRAPPER_EXTENSION = xctest;
			};
			name = Release;
		};
/* End XCBuildConfiguration section */

/* Begin XCConfigurationList section */
		E22DD8A3184E10DE006A413D /* Build configuration list for PBXProject "DemoCollection" */ = {
			isa = XCConfigurationList;
			buildConfigurations = (
				E22DD8D8184E10DF006A413D /* Debug */,
				E22DD8D9184E10DF006A413D /* Release */,
			);
			defaultConfigurationIsVisible = 0;
			defaultConfigurationName = Release;
		};
		E22DD8DA184E10DF006A413D /* Build configuration list for PBXNativeTarget "DemoCollection" */ = {
			isa = XCConfigurationList;
			buildConfigurations = (
				E22DD8DB184E10DF006A413D /* Debug */,
				E22DD8DC184E10DF006A413D /* Release */,
			);
			defaultConfigurationIsVisible = 0;
			defaultConfigurationName = Release;
		};
		E22DD8DD184E10DF006A413D /* Build configuration list for PBXNativeTarget "DemoCollectionTests" */ = {
			isa = XCConfigurationList;
			buildConfigurations = (
				E22DD8DE184E10DF006A413D /* Debug */,
				E22DD8DF184E10DF006A413D /* Release */,
			);
			defaultConfigurationIsVisible = 0;
			defaultConfigurationName = Release;
		};
/* End XCConfigurationList section */
	};
	rootObject = E22DD8A0184E10DE006A413D /* Project object */;
}
